// !$*UTF8*$!
{
	archiveVersion = 1;
	classes = {
	};
	objectVersion = 46;
	objects = {

/* Begin PBXBuildFile section */
		3919012318E5F8D700078FE1 /* timeline.png in Resources */ = {isa = PBXBuildFile; fileRef = 3919012118E5F8D600078FE1 /* timeline.png */; };
		3919012418E5F8D700078FE1 /* timeline@2x.png in Resources */ = {isa = PBXBuildFile; fileRef = 3919012218E5F8D600078FE1 /* timeline@2x.png */; };
		3919012918E5FCDB00078FE1 /* timeline-highlighted.png in Resources */ = {isa = PBXBuildFile; fileRef = 3919012518E5FCDB00078FE1 /* timeline-highlighted.png */; };
		3919012A18E5FCDB00078FE1 /* timeline-highlighted@2x.png in Resources */ = {isa = PBXBuildFile; fileRef = 3919012618E5FCDB00078FE1 /* timeline-highlighted@2x.png */; };
		3919012B18E5FCDB00078FE1 /* timeline-selected.png in Resources */ = {isa = PBXBuildFile; fileRef = 3919012718E5FCDB00078FE1 /* timeline-selected.png */; };
		3919012C18E5FCDB00078FE1 /* timeline-selected@2x.png in Resources */ = {isa = PBXBuildFile; fileRef = 3919012818E5FCDB00078FE1 /* timeline-selected@2x.png */; };
		393E4D9F171F5EF700F68C2A /* page14.png in Resources */ = {isa = PBXBuildFile; fileRef = 393E4D97171F5EF700F68C2A /* page14.png */; };
		393E4DA0171F5EF700F68C2A /* page14@2x.png in Resources */ = {isa = PBXBuildFile; fileRef = 393E4D98171F5EF700F68C2A /* page14@2x.png */; };
		393E4DA1171F5EF700F68C2A /* page24.png in Resources */ = {isa = PBXBuildFile; fileRef = 393E4D99171F5EF700F68C2A /* page24.png */; };
		393E4DA2171F5EF700F68C2A /* page24@2x.png in Resources */ = {isa = PBXBuildFile; fileRef = 393E4D9A171F5EF700F68C2A /* page24@2x.png */; };
		393E4DA3171F5EF700F68C2A /* page34.png in Resources */ = {isa = PBXBuildFile; fileRef = 393E4D9B171F5EF700F68C2A /* page34.png */; };
		393E4DA4171F5EF700F68C2A /* page34@2x.png in Resources */ = {isa = PBXBuildFile; fileRef = 393E4D9C171F5EF700F68C2A /* page34@2x.png */; };
		393E4DA5171F5EF700F68C2A /* page44.png in Resources */ = {isa = PBXBuildFile; fileRef = 393E4D9D171F5EF700F68C2A /* page44.png */; };
		393E4DA6171F5EF700F68C2A /* page44@2x.png in Resources */ = {isa = PBXBuildFile; fileRef = 393E4D9E171F5EF700F68C2A /* page44@2x.png */; };
		3992D921171E059200E0E641 /* Icon-72.png in Resources */ = {isa = PBXBuildFile; fileRef = 3992D917171E059200E0E641 /* Icon-72.png */; };
		3992D922171E059200E0E641 /* Icon-72@2x.png in Resources */ = {isa = PBXBuildFile; fileRef = 3992D918171E059200E0E641 /* Icon-72@2x.png */; };
		3992D923171E059200E0E641 /* Icon-Small-50.png in Resources */ = {isa = PBXBuildFile; fileRef = 3992D919171E059200E0E641 /* Icon-Small-50.png */; };
		3992D924171E059200E0E641 /* Icon-Small-50@2x.png in Resources */ = {isa = PBXBuildFile; fileRef = 3992D91A171E059200E0E641 /* Icon-Small-50@2x.png */; };
		3992D925171E059200E0E641 /* Icon-Small.png in Resources */ = {isa = PBXBuildFile; fileRef = 3992D91B171E059200E0E641 /* Icon-Small.png */; };
		3992D926171E059200E0E641 /* Icon-Small@2x.png in Resources */ = {isa = PBXBuildFile; fileRef = 3992D91C171E059200E0E641 /* Icon-Small@2x.png */; };
		3992D927171E059200E0E641 /* Icon.png in Resources */ = {isa = PBXBuildFile; fileRef = 3992D91D171E059200E0E641 /* Icon.png */; };
		3992D928171E059200E0E641 /* Icon@2x.png in Resources */ = {isa = PBXBuildFile; fileRef = 3992D91E171E059200E0E641 /* Icon@2x.png */; };
		3992D92A171E059200E0E641 /* iTunesArtwork@2x.png in Resources */ = {isa = PBXBuildFile; fileRef = 3992D920171E059200E0E641 /* iTunesArtwork@2x.png */; };
		3992D92D171E0CE600E0E641 /* Default-Landscape.png in Resources */ = {isa = PBXBuildFile; fileRef = 3992D92B171E0CE600E0E641 /* Default-Landscape.png */; };
		3992D92E171E0CE600E0E641 /* Default-Landscape@2x.png in Resources */ = {isa = PBXBuildFile; fileRef = 3992D92C171E0CE600E0E641 /* Default-Landscape@2x.png */; };
		39A2FE4D1718A5F40075385A /* nav-background.png in Resources */ = {isa = PBXBuildFile; fileRef = 39A2FE4B1718A5F40075385A /* nav-background.png */; };
		39A2FE4E1718A5F40075385A /* nav-background@2x.png in Resources */ = {isa = PBXBuildFile; fileRef = 39A2FE4C1718A5F40075385A /* nav-background@2x.png */; };
		39A2FE531718A8880075385A /* youarehere-selected.png in Resources */ = {isa = PBXBuildFile; fileRef = 39A2FE4F1718A8880075385A /* youarehere-selected.png */; };
		39A2FE541718A8880075385A /* youarehere-selected@2x.png in Resources */ = {isa = PBXBuildFile; fileRef = 39A2FE501718A8880075385A /* youarehere-selected@2x.png */; };
		39A2FE551718A8880075385A /* youarehere.png in Resources */ = {isa = PBXBuildFile; fileRef = 39A2FE511718A8880075385A /* youarehere.png */; };
		39A2FE561718A8880075385A /* youarehere@2x.png in Resources */ = {isa = PBXBuildFile; fileRef = 39A2FE521718A8880075385A /* youarehere@2x.png */; };
		39A2FE5B1718AA5F0075385A /* design-selected.png in Resources */ = {isa = PBXBuildFile; fileRef = 39A2FE571718AA5F0075385A /* design-selected.png */; };
		39A2FE5C1718AA5F0075385A /* design-selected@2x.png in Resources */ = {isa = PBXBuildFile; fileRef = 39A2FE581718AA5F0075385A /* design-selected@2x.png */; };
		39A2FE5D1718AA5F0075385A /* design.png in Resources */ = {isa = PBXBuildFile; fileRef = 39A2FE591718AA5F0075385A /* design.png */; };
		39A2FE5E1718AA5F0075385A /* design@2x.png in Resources */ = {isa = PBXBuildFile; fileRef = 39A2FE5A1718AA5F0075385A /* design@2x.png */; };
		39A2FE631718D8810075385A /* mediaarts-selected.png in Resources */ = {isa = PBXBuildFile; fileRef = 39A2FE5F1718D8810075385A /* mediaarts-selected.png */; };
		39A2FE641718D8810075385A /* mediaarts-selected@2x.png in Resources */ = {isa = PBXBuildFile; fileRef = 39A2FE601718D8810075385A /* mediaarts-selected@2x.png */; };
		39A2FE651718D8810075385A /* mediaarts.png in Resources */ = {isa = PBXBuildFile; fileRef = 39A2FE611718D8810075385A /* mediaarts.png */; };
		39A2FE661718D8810075385A /* mediaarts@2x.png in Resources */ = {isa = PBXBuildFile; fileRef = 39A2FE621718D8810075385A /* mediaarts@2x.png */; };
		39A2FE6B1718DB340075385A /* visualarts-selected.png in Resources */ = {isa = PBXBuildFile; fileRef = 39A2FE671718DB340075385A /* visualarts-selected.png */; };
		39A2FE6C1718DB340075385A /* visualarts-selected@2x.png in Resources */ = {isa = PBXBuildFile; fileRef = 39A2FE681718DB340075385A /* visualarts-selected@2x.png */; };
		39A2FE6D1718DB340075385A /* visualarts.png in Resources */ = {isa = PBXBuildFile; fileRef = 39A2FE691718DB340075385A /* visualarts.png */; };
		39A2FE6E1718DB340075385A /* visualarts@2x.png in Resources */ = {isa = PBXBuildFile; fileRef = 39A2FE6A1718DB340075385A /* visualarts@2x.png */; };
		39A2FE771718DDE10075385A /* about-selected.png in Resources */ = {isa = PBXBuildFile; fileRef = 39A2FE6F1718DDE10075385A /* about-selected.png */; };
		39A2FE781718DDE10075385A /* about-selected@2x.png in Resources */ = {isa = PBXBuildFile; fileRef = 39A2FE701718DDE10075385A /* about-selected@2x.png */; };
		39A2FE791718DDE10075385A /* about.png in Resources */ = {isa = PBXBuildFile; fileRef = 39A2FE711718DDE10075385A /* about.png */; };
		39A2FE7A1718DDE10075385A /* about@2x.png in Resources */ = {isa = PBXBuildFile; fileRef = 39A2FE721718DDE10075385A /* about@2x.png */; };
		39A2FE7B1718DDE10075385A /* maa-selected.png in Resources */ = {isa = PBXBuildFile; fileRef = 39A2FE731718DDE10075385A /* maa-selected.png */; };
		39A2FE7C1718DDE10075385A /* maa-selected@2x.png in Resources */ = {isa = PBXBuildFile; fileRef = 39A2FE741718DDE10075385A /* maa-selected@2x.png */; };
		39A2FE7D1718DDE10075385A /* maa.png in Resources */ = {isa = PBXBuildFile; fileRef = 39A2FE751718DDE10075385A /* maa.png */; };
		39A2FE7E1718DDE10075385A /* maa@2x.png in Resources */ = {isa = PBXBuildFile; fileRef = 39A2FE761718DDE10075385A /* maa@2x.png */; };
		39A2FE831718DDEB0075385A /* search-selected.png in Resources */ = {isa = PBXBuildFile; fileRef = 39A2FE7F1718DDEB0075385A /* search-selected.png */; };
		39A2FE841718DDEB0075385A /* search-selected@2x.png in Resources */ = {isa = PBXBuildFile; fileRef = 39A2FE801718DDEB0075385A /* search-selected@2x.png */; };
		39A2FE851718DDEB0075385A /* search.png in Resources */ = {isa = PBXBuildFile; fileRef = 39A2FE811718DDEB0075385A /* search.png */; };
		39A2FE861718DDEB0075385A /* search@2x.png in Resources */ = {isa = PBXBuildFile; fileRef = 39A2FE821718DDEB0075385A /* search@2x.png */; };
		39A2FE891718E37C0075385A /* background.png in Resources */ = {isa = PBXBuildFile; fileRef = 39A2FE871718E37B0075385A /* background.png */; };
		39A2FE8A1718E37C0075385A /* background@2x.png in Resources */ = {isa = PBXBuildFile; fileRef = 39A2FE881718E37B0075385A /* background@2x.png */; };
		39A2FE931718E6350075385A /* back-button-highlighted.png in Resources */ = {isa = PBXBuildFile; fileRef = 39A2FE8B1718E6330075385A /* back-button-highlighted.png */; };
		39A2FE941718E6350075385A /* back-button-highlighted@2x.png in Resources */ = {isa = PBXBuildFile; fileRef = 39A2FE8C1718E6330075385A /* back-button-highlighted@2x.png */; };
		39A2FE951718E6350075385A /* back-button.png in Resources */ = {isa = PBXBuildFile; fileRef = 39A2FE8D1718E6330075385A /* back-button.png */; };
		39A2FE961718E6350075385A /* back-button@2x.png in Resources */ = {isa = PBXBuildFile; fileRef = 39A2FE8E1718E6330075385A /* back-button@2x.png */; };
		39A2FE971718E6350075385A /* info-button-highlighted.png in Resources */ = {isa = PBXBuildFile; fileRef = 39A2FE8F1718E6340075385A /* info-button-highlighted.png */; };
		39A2FE981718E6350075385A /* info-button-highlighted@2x.png in Resources */ = {isa = PBXBuildFile; fileRef = 39A2FE901718E6340075385A /* info-button-highlighted@2x.png */; };
		39A2FE991718E6350075385A /* info-button.png in Resources */ = {isa = PBXBuildFile; fileRef = 39A2FE911718E6340075385A /* info-button.png */; };
		39A2FE9A1718E6350075385A /* info-button@2x.png in Resources */ = {isa = PBXBuildFile; fileRef = 39A2FE921718E6340075385A /* info-button@2x.png */; };
		39A2FE9D1718EA3F0075385A /* gradient.png in Resources */ = {isa = PBXBuildFile; fileRef = 39A2FE9B1718EA3F0075385A /* gradient.png */; };
		39A2FE9E1718EA3F0075385A /* gradient@2x.png in Resources */ = {isa = PBXBuildFile; fileRef = 39A2FE9C1718EA3F0075385A /* gradient@2x.png */; };
		39BF2168171F35700094B777 /* about-highlighted.png in Resources */ = {isa = PBXBuildFile; fileRef = 39BF2151171F35700094B777 /* about-highlighted.png */; };
		39BF2169171F35700094B777 /* about-highlighted@2x.png in Resources */ = {isa = PBXBuildFile; fileRef = 39BF2152171F35700094B777 /* about-highlighted@2x.png */; };
		39BF216A171F35700094B777 /* design-highlighted.png in Resources */ = {isa = PBXBuildFile; fileRef = 39BF2153171F35700094B777 /* design-highlighted.png */; };
		39BF216B171F35700094B777 /* design-highlighted@2x.png in Resources */ = {isa = PBXBuildFile; fileRef = 39BF2154171F35700094B777 /* design-highlighted@2x.png */; };
		39BF216C171F35700094B777 /* maa-highlighted.png in Resources */ = {isa = PBXBuildFile; fileRef = 39BF2155171F35700094B777 /* maa-highlighted.png */; };
		39BF216D171F35700094B777 /* maa-highlighted@2x.png in Resources */ = {isa = PBXBuildFile; fileRef = 39BF2156171F35700094B777 /* maa-highlighted@2x.png */; };
		39BF216E171F35700094B777 /* mediaarts-highlighted.png in Resources */ = {isa = PBXBuildFile; fileRef = 39BF2157171F35700094B777 /* mediaarts-highlighted.png */; };
		39BF216F171F35700094B777 /* mediaarts-highlighted@2x.png in Resources */ = {isa = PBXBuildFile; fileRef = 39BF2158171F35700094B777 /* mediaarts-highlighted@2x.png */; };
		39BF2170171F35700094B777 /* page12@2x.png in Resources */ = {isa = PBXBuildFile; fileRef = 39BF2159171F35700094B777 /* page12@2x.png */; };
		39BF2171171F35700094B777 /* page13@2x.png in Resources */ = {isa = PBXBuildFile; fileRef = 39BF215A171F35700094B777 /* page13@2x.png */; };
		39BF2172171F35700094B777 /* page22@2x.png in Resources */ = {isa = PBXBuildFile; fileRef = 39BF215B171F35700094B777 /* page22@2x.png */; };
		39BF2173171F35700094B777 /* page23@2x.png in Resources */ = {isa = PBXBuildFile; fileRef = 39BF215C171F35700094B777 /* page23@2x.png */; };
		39BF2174171F35700094B777 /* page33@2x.png in Resources */ = {isa = PBXBuildFile; fileRef = 39BF215D171F35700094B777 /* page33@2x.png */; };
		39BF2175171F35700094B777 /* project-highlighted.png in Resources */ = {isa = PBXBuildFile; fileRef = 39BF215E171F35700094B777 /* project-highlighted.png */; };
		39BF2176171F35700094B777 /* project-highlighted@2x.png in Resources */ = {isa = PBXBuildFile; fileRef = 39BF215F171F35700094B777 /* project-highlighted@2x.png */; };
		39BF2177171F35700094B777 /* project-selected.png in Resources */ = {isa = PBXBuildFile; fileRef = 39BF2160171F35700094B777 /* project-selected.png */; };
		39BF2178171F35700094B777 /* project-selected@2x.png in Resources */ = {isa = PBXBuildFile; fileRef = 39BF2161171F35700094B777 /* project-selected@2x.png */; };
		39BF2179171F35700094B777 /* search-highlighted.png in Resources */ = {isa = PBXBuildFile; fileRef = 39BF2162171F35700094B777 /* search-highlighted.png */; };
		39BF217A171F35700094B777 /* search-highlighted@2x.png in Resources */ = {isa = PBXBuildFile; fileRef = 39BF2163171F35700094B777 /* search-highlighted@2x.png */; };
		39BF217B171F35700094B777 /* visualarts-highlighted.png in Resources */ = {isa = PBXBuildFile; fileRef = 39BF2164171F35700094B777 /* visualarts-highlighted.png */; };
		39BF217C171F35700094B777 /* visualarts-highlighted@2x.png in Resources */ = {isa = PBXBuildFile; fileRef = 39BF2165171F35700094B777 /* visualarts-highlighted@2x.png */; };
		39BF217D171F35700094B777 /* youarehere-highlighted.png in Resources */ = {isa = PBXBuildFile; fileRef = 39BF2166171F35700094B777 /* youarehere-highlighted.png */; };
		39BF217E171F35700094B777 /* youarehere-highlighted@2x.png in Resources */ = {isa = PBXBuildFile; fileRef = 39BF2167171F35700094B777 /* youarehere-highlighted@2x.png */; };
		39CD7C2018E64EC700E349AE /* mdes-highlighted.png in Resources */ = {isa = PBXBuildFile; fileRef = 39CD7C1A18E64EC700E349AE /* mdes-highlighted.png */; };
		39CD7C2118E64EC700E349AE /* mdes-highlighted@2x.png in Resources */ = {isa = PBXBuildFile; fileRef = 39CD7C1B18E64EC700E349AE /* mdes-highlighted@2x.png */; };
		39CD7C2218E64EC700E349AE /* mdes-selected.png in Resources */ = {isa = PBXBuildFile; fileRef = 39CD7C1C18E64EC700E349AE /* mdes-selected.png */; };
		39CD7C2318E64EC700E349AE /* mdes-selected@2x.png in Resources */ = {isa = PBXBuildFile; fileRef = 39CD7C1D18E64EC700E349AE /* mdes-selected@2x.png */; };
		39CD7C2418E64EC700E349AE /* mdes.png in Resources */ = {isa = PBXBuildFile; fileRef = 39CD7C1E18E64EC700E349AE /* mdes.png */; };
		39CD7C2518E64EC700E349AE /* mdes@2x.png in Resources */ = {isa = PBXBuildFile; fileRef = 39CD7C1F18E64EC700E349AE /* mdes@2x.png */; };
		7D936B1B190AFC0D00C093B2 /* Images.xcassets in Resources */ = {isa = PBXBuildFile; fileRef = 7D936B1A190AFC0D00C093B2 /* Images.xcassets */; };
		A6702561170E0C0A00840867 /* UIKit.framework in Frameworks */ = {isa = PBXBuildFile; fileRef = A6702560170E0C0A00840867 /* UIKit.framework */; };
		A6702563170E0C0A00840867 /* Foundation.framework in Frameworks */ = {isa = PBXBuildFile; fileRef = A6702562170E0C0A00840867 /* Foundation.framework */; };
		A6702565170E0C0A00840867 /* CoreGraphics.framework in Frameworks */ = {isa = PBXBuildFile; fileRef = A6702564170E0C0A00840867 /* CoreGraphics.framework */; };
		A670256B170E0C0A00840867 /* InfoPlist.strings in Resources */ = {isa = PBXBuildFile; fileRef = A6702569170E0C0A00840867 /* InfoPlist.strings */; };
		A670256D170E0C0A00840867 /* main.m in Sources */ = {isa = PBXBuildFile; fileRef = A670256C170E0C0A00840867 /* main.m */; };
		A6702571170E0C0A00840867 /* AppDelegate.m in Sources */ = {isa = PBXBuildFile; fileRef = A6702570170E0C0A00840867 /* AppDelegate.m */; };
		A6702573170E0C0A00840867 /* Default.png in Resources */ = {isa = PBXBuildFile; fileRef = A6702572170E0C0A00840867 /* Default.png */; };
		A6702575170E0C0A00840867 /* Default@2x.png in Resources */ = {isa = PBXBuildFile; fileRef = A6702574170E0C0A00840867 /* Default@2x.png */; };
		A6702577170E0C0A00840867 /* Default-568h@2x.png in Resources */ = {isa = PBXBuildFile; fileRef = A6702576170E0C0A00840867 /* Default-568h@2x.png */; };
		A670257A170E0C0A00840867 /* ProjectListViewController.m in Sources */ = {isa = PBXBuildFile; fileRef = A6702579170E0C0A00840867 /* ProjectListViewController.m */; };
		A670257D170E0C0A00840867 /* ProjectListViewController.xib in Resources */ = {isa = PBXBuildFile; fileRef = A670257B170E0C0A00840867 /* ProjectListViewController.xib */; };
		A6702584170E212C00840867 /* ProjectCell.xib in Resources */ = {isa = PBXBuildFile; fileRef = A6702583170E212C00840867 /* ProjectCell.xib */; };
		A6702588170E331600840867 /* ProjectViewController.m in Sources */ = {isa = PBXBuildFile; fileRef = A6702586170E331600840867 /* ProjectViewController.m */; };
		A6702589170E331600840867 /* ProjectViewController.xib in Resources */ = {isa = PBXBuildFile; fileRef = A6702587170E331600840867 /* ProjectViewController.xib */; };
		A6EB5AA017161B9E0009F406 /* about.html in Resources */ = {isa = PBXBuildFile; fileRef = A6EB5A9F17161B9E0009F406 /* about.html */; };
		A6EB5AA81716243D0009F406 /* test.png in Resources */ = {isa = PBXBuildFile; fileRef = A6EB5AA61716243D0009F406 /* test.png */; };
		A6EB5AA91716243D0009F406 /* test@2x.png in Resources */ = {isa = PBXBuildFile; fileRef = A6EB5AA71716243D0009F406 /* test@2x.png */; };
		A6EB5AAF1718A6C60009F406 /* page12.png in Resources */ = {isa = PBXBuildFile; fileRef = A6EB5AAA1718A6C60009F406 /* page12.png */; };
		A6EB5AB01718A6C60009F406 /* page13.png in Resources */ = {isa = PBXBuildFile; fileRef = A6EB5AAB1718A6C60009F406 /* page13.png */; };
		A6EB5AB11718A6C60009F406 /* page22.png in Resources */ = {isa = PBXBuildFile; fileRef = A6EB5AAC1718A6C60009F406 /* page22.png */; };
		A6EB5AB21718A6C60009F406 /* page23.png in Resources */ = {isa = PBXBuildFile; fileRef = A6EB5AAD1718A6C60009F406 /* page23.png */; };
		A6EB5AB31718A6C60009F406 /* page33.png in Resources */ = {isa = PBXBuildFile; fileRef = A6EB5AAE1718A6C60009F406 /* page33.png */; };
		A6EB5AB61718B5530009F406 /* CachedImageLoader.m in Sources */ = {isa = PBXBuildFile; fileRef = A6EB5AB51718B5530009F406 /* CachedImageLoader.m */; };
		A6EB5AB81720C5C40009F406 /* video-curtain.png in Resources */ = {isa = PBXBuildFile; fileRef = A6EB5AB71720C5C40009F406 /* video-curtain.png */; };
		A6EB5ABA1720D2E60009F406 /* video-curtain@2x.png in Resources */ = {isa = PBXBuildFile; fileRef = A6EB5AB91720D2E60009F406 /* video-curtain@2x.png */; };
		A6EB5ABC1721B9B90009F406 /* AVFoundation.framework in Frameworks */ = {isa = PBXBuildFile; fileRef = A6EB5ABB1721B9B80009F406 /* AVFoundation.framework */; };
		A6EB5ABF1721BC990009F406 /* UIApplication+NetworkActivityIndicator.m in Sources */ = {isa = PBXBuildFile; fileRef = A6EB5ABE1721BC990009F406 /* UIApplication+NetworkActivityIndicator.m */; };
		A6EB5AC41721C02A0009F406 /* ecuad-logo.png in Resources */ = {isa = PBXBuildFile; fileRef = A6EB5AC01721C0270009F406 /* ecuad-logo.png */; };
		A6EB5AC51721C02A0009F406 /* ecuad-logo@2x.png in Resources */ = {isa = PBXBuildFile; fileRef = A6EB5AC11721C0280009F406 /* ecuad-logo@2x.png */; };
		A6EB5AC61721C02A0009F406 /* logo.png in Resources */ = {isa = PBXBuildFile; fileRef = A6EB5AC21721C0280009F406 /* logo.png */; };
		A6EB5AC71721C02A0009F406 /* logo@2x.png in Resources */ = {isa = PBXBuildFile; fileRef = A6EB5AC31721C0290009F406 /* logo@2x.png */; };
		A6EB5ACA1721D2260009F406 /* MBProgressHUD.m in Sources */ = {isa = PBXBuildFile; fileRef = A6EB5AC91721CFFF0009F406 /* MBProgressHUD.m */; };
/* End PBXBuildFile section */

/* Begin PBXFileReference section */
		3919012118E5F8D600078FE1 /* timeline.png */ = {isa = PBXFileReference; lastKnownFileType = image.png; path = timeline.png; sourceTree = "<group>"; };
		3919012218E5F8D600078FE1 /* timeline@2x.png */ = {isa = PBXFileReference; lastKnownFileType = image.png; path = "timeline@2x.png"; sourceTree = "<group>"; };
		3919012518E5FCDB00078FE1 /* timeline-highlighted.png */ = {isa = PBXFileReference; lastKnownFileType = image.png; path = "timeline-highlighted.png"; sourceTree = "<group>"; };
		3919012618E5FCDB00078FE1 /* timeline-highlighted@2x.png */ = {isa = PBXFileReference; lastKnownFileType = image.png; path = "timeline-highlighted@2x.png"; sourceTree = "<group>"; };
		3919012718E5FCDB00078FE1 /* timeline-selected.png */ = {isa = PBXFileReference; lastKnownFileType = image.png; path = "timeline-selected.png"; sourceTree = "<group>"; };
		3919012818E5FCDB00078FE1 /* timeline-selected@2x.png */ = {isa = PBXFileReference; lastKnownFileType = image.png; path = "timeline-selected@2x.png"; sourceTree = "<group>"; };
		393E4D97171F5EF700F68C2A /* page14.png */ = {isa = PBXFileReference; lastKnownFileType = image.png; path = page14.png; sourceTree = "<group>"; };
		393E4D98171F5EF700F68C2A /* page14@2x.png */ = {isa = PBXFileReference; lastKnownFileType = image.png; path = "page14@2x.png"; sourceTree = "<group>"; };
		393E4D99171F5EF700F68C2A /* page24.png */ = {isa = PBXFileReference; lastKnownFileType = image.png; path = page24.png; sourceTree = "<group>"; };
		393E4D9A171F5EF700F68C2A /* page24@2x.png */ = {isa = PBXFileReference; lastKnownFileType = image.png; path = "page24@2x.png"; sourceTree = "<group>"; };
		393E4D9B171F5EF700F68C2A /* page34.png */ = {isa = PBXFileReference; lastKnownFileType = image.png; path = page34.png; sourceTree = "<group>"; };
		393E4D9C171F5EF700F68C2A /* page34@2x.png */ = {isa = PBXFileReference; lastKnownFileType = image.png; path = "page34@2x.png"; sourceTree = "<group>"; };
		393E4D9D171F5EF700F68C2A /* page44.png */ = {isa = PBXFileReference; lastKnownFileType = image.png; path = page44.png; sourceTree = "<group>"; };
		393E4D9E171F5EF700F68C2A /* page44@2x.png */ = {isa = PBXFileReference; lastKnownFileType = image.png; path = "page44@2x.png"; sourceTree = "<group>"; };
		3992D917171E059200E0E641 /* Icon-72.png */ = {isa = PBXFileReference; lastKnownFileType = image.png; path = "Icon-72.png"; sourceTree = "<group>"; };
		3992D918171E059200E0E641 /* Icon-72@2x.png */ = {isa = PBXFileReference; lastKnownFileType = image.png; path = "Icon-72@2x.png"; sourceTree = "<group>"; };
		3992D919171E059200E0E641 /* Icon-Small-50.png */ = {isa = PBXFileReference; lastKnownFileType = image.png; path = "Icon-Small-50.png"; sourceTree = "<group>"; };
		3992D91A171E059200E0E641 /* Icon-Small-50@2x.png */ = {isa = PBXFileReference; lastKnownFileType = image.png; path = "Icon-Small-50@2x.png"; sourceTree = "<group>"; };
		3992D91B171E059200E0E641 /* Icon-Small.png */ = {isa = PBXFileReference; lastKnownFileType = image.png; path = "Icon-Small.png"; sourceTree = "<group>"; };
		3992D91C171E059200E0E641 /* Icon-Small@2x.png */ = {isa = PBXFileReference; lastKnownFileType = image.png; path = "Icon-Small@2x.png"; sourceTree = "<group>"; };
		3992D91D171E059200E0E641 /* Icon.png */ = {isa = PBXFileReference; lastKnownFileType = image.png; path = Icon.png; sourceTree = "<group>"; };
		3992D91E171E059200E0E641 /* Icon@2x.png */ = {isa = PBXFileReference; lastKnownFileType = image.png; path = "Icon@2x.png"; sourceTree = "<group>"; };
		3992D920171E059200E0E641 /* iTunesArtwork@2x.png */ = {isa = PBXFileReference; lastKnownFileType = image.png; path = "iTunesArtwork@2x.png"; sourceTree = "<group>"; };
		3992D92B171E0CE600E0E641 /* Default-Landscape.png */ = {isa = PBXFileReference; lastKnownFileType = image.png; path = "Default-Landscape.png"; sourceTree = "<group>"; };
		3992D92C171E0CE600E0E641 /* Default-Landscape@2x.png */ = {isa = PBXFileReference; lastKnownFileType = image.png; path = "Default-Landscape@2x.png"; sourceTree = "<group>"; };
		39A2FE4B1718A5F40075385A /* nav-background.png */ = {isa = PBXFileReference; lastKnownFileType = image.png; path = "nav-background.png"; sourceTree = "<group>"; };
		39A2FE4C1718A5F40075385A /* nav-background@2x.png */ = {isa = PBXFileReference; lastKnownFileType = image.png; path = "nav-background@2x.png"; sourceTree = "<group>"; };
		39A2FE4F1718A8880075385A /* youarehere-selected.png */ = {isa = PBXFileReference; lastKnownFileType = image.png; path = "youarehere-selected.png"; sourceTree = "<group>"; };
		39A2FE501718A8880075385A /* youarehere-selected@2x.png */ = {isa = PBXFileReference; lastKnownFileType = image.png; path = "youarehere-selected@2x.png"; sourceTree = "<group>"; };
		39A2FE511718A8880075385A /* youarehere.png */ = {isa = PBXFileReference; lastKnownFileType = image.png; path = youarehere.png; sourceTree = "<group>"; };
		39A2FE521718A8880075385A /* youarehere@2x.png */ = {isa = PBXFileReference; lastKnownFileType = image.png; path = "youarehere@2x.png"; sourceTree = "<group>"; };
		39A2FE571718AA5F0075385A /* design-selected.png */ = {isa = PBXFileReference; lastKnownFileType = image.png; path = "design-selected.png"; sourceTree = "<group>"; };
		39A2FE581718AA5F0075385A /* design-selected@2x.png */ = {isa = PBXFileReference; lastKnownFileType = image.png; path = "design-selected@2x.png"; sourceTree = "<group>"; };
		39A2FE591718AA5F0075385A /* design.png */ = {isa = PBXFileReference; lastKnownFileType = image.png; path = design.png; sourceTree = "<group>"; };
		39A2FE5A1718AA5F0075385A /* design@2x.png */ = {isa = PBXFileReference; lastKnownFileType = image.png; path = "design@2x.png"; sourceTree = "<group>"; };
		39A2FE5F1718D8810075385A /* mediaarts-selected.png */ = {isa = PBXFileReference; lastKnownFileType = image.png; path = "mediaarts-selected.png"; sourceTree = "<group>"; };
		39A2FE601718D8810075385A /* mediaarts-selected@2x.png */ = {isa = PBXFileReference; lastKnownFileType = image.png; path = "mediaarts-selected@2x.png"; sourceTree = "<group>"; };
		39A2FE611718D8810075385A /* mediaarts.png */ = {isa = PBXFileReference; lastKnownFileType = image.png; path = mediaarts.png; sourceTree = "<group>"; };
		39A2FE621718D8810075385A /* mediaarts@2x.png */ = {isa = PBXFileReference; lastKnownFileType = image.png; path = "mediaarts@2x.png"; sourceTree = "<group>"; };
		39A2FE671718DB340075385A /* visualarts-selected.png */ = {isa = PBXFileReference; lastKnownFileType = image.png; path = "visualarts-selected.png"; sourceTree = "<group>"; };
		39A2FE681718DB340075385A /* visualarts-selected@2x.png */ = {isa = PBXFileReference; lastKnownFileType = image.png; path = "visualarts-selected@2x.png"; sourceTree = "<group>"; };
		39A2FE691718DB340075385A /* visualarts.png */ = {isa = PBXFileReference; lastKnownFileType = image.png; path = visualarts.png; sourceTree = "<group>"; };
		39A2FE6A1718DB340075385A /* visualarts@2x.png */ = {isa = PBXFileReference; lastKnownFileType = image.png; path = "visualarts@2x.png"; sourceTree = "<group>"; };
		39A2FE6F1718DDE10075385A /* about-selected.png */ = {isa = PBXFileReference; lastKnownFileType = image.png; path = "about-selected.png"; sourceTree = "<group>"; };
		39A2FE701718DDE10075385A /* about-selected@2x.png */ = {isa = PBXFileReference; lastKnownFileType = image.png; path = "about-selected@2x.png"; sourceTree = "<group>"; };
		39A2FE711718DDE10075385A /* about.png */ = {isa = PBXFileReference; lastKnownFileType = image.png; path = about.png; sourceTree = "<group>"; };
		39A2FE721718DDE10075385A /* about@2x.png */ = {isa = PBXFileReference; lastKnownFileType = image.png; path = "about@2x.png"; sourceTree = "<group>"; };
		39A2FE731718DDE10075385A /* maa-selected.png */ = {isa = PBXFileReference; lastKnownFileType = image.png; path = "maa-selected.png"; sourceTree = "<group>"; };
		39A2FE741718DDE10075385A /* maa-selected@2x.png */ = {isa = PBXFileReference; lastKnownFileType = image.png; path = "maa-selected@2x.png"; sourceTree = "<group>"; };
		39A2FE751718DDE10075385A /* maa.png */ = {isa = PBXFileReference; lastKnownFileType = image.png; path = maa.png; sourceTree = "<group>"; };
		39A2FE761718DDE10075385A /* maa@2x.png */ = {isa = PBXFileReference; lastKnownFileType = image.png; path = "maa@2x.png"; sourceTree = "<group>"; };
		39A2FE7F1718DDEB0075385A /* search-selected.png */ = {isa = PBXFileReference; lastKnownFileType = image.png; path = "search-selected.png"; sourceTree = "<group>"; };
		39A2FE801718DDEB0075385A /* search-selected@2x.png */ = {isa = PBXFileReference; lastKnownFileType = image.png; path = "search-selected@2x.png"; sourceTree = "<group>"; };
		39A2FE811718DDEB0075385A /* search.png */ = {isa = PBXFileReference; lastKnownFileType = image.png; path = search.png; sourceTree = "<group>"; };
		39A2FE821718DDEB0075385A /* search@2x.png */ = {isa = PBXFileReference; lastKnownFileType = image.png; path = "search@2x.png"; sourceTree = "<group>"; };
		39A2FE871718E37B0075385A /* background.png */ = {isa = PBXFileReference; lastKnownFileType = image.png; path = background.png; sourceTree = "<group>"; };
		39A2FE881718E37B0075385A /* background@2x.png */ = {isa = PBXFileReference; lastKnownFileType = image.png; path = "background@2x.png"; sourceTree = "<group>"; };
		39A2FE8B1718E6330075385A /* back-button-highlighted.png */ = {isa = PBXFileReference; lastKnownFileType = image.png; path = "back-button-highlighted.png"; sourceTree = "<group>"; };
		39A2FE8C1718E6330075385A /* back-button-highlighted@2x.png */ = {isa = PBXFileReference; lastKnownFileType = image.png; path = "back-button-highlighted@2x.png"; sourceTree = "<group>"; };
		39A2FE8D1718E6330075385A /* back-button.png */ = {isa = PBXFileReference; lastKnownFileType = image.png; path = "back-button.png"; sourceTree = "<group>"; };
		39A2FE8E1718E6330075385A /* back-button@2x.png */ = {isa = PBXFileReference; lastKnownFileType = image.png; path = "back-button@2x.png"; sourceTree = "<group>"; };
		39A2FE8F1718E6340075385A /* info-button-highlighted.png */ = {isa = PBXFileReference; lastKnownFileType = image.png; path = "info-button-highlighted.png"; sourceTree = "<group>"; };
		39A2FE901718E6340075385A /* info-button-highlighted@2x.png */ = {isa = PBXFileReference; lastKnownFileType = image.png; path = "info-button-highlighted@2x.png"; sourceTree = "<group>"; };
		39A2FE911718E6340075385A /* info-button.png */ = {isa = PBXFileReference; lastKnownFileType = image.png; path = "info-button.png"; sourceTree = "<group>"; };
		39A2FE921718E6340075385A /* info-button@2x.png */ = {isa = PBXFileReference; lastKnownFileType = image.png; path = "info-button@2x.png"; sourceTree = "<group>"; };
		39A2FE9B1718EA3F0075385A /* gradient.png */ = {isa = PBXFileReference; lastKnownFileType = image.png; path = gradient.png; sourceTree = "<group>"; };
		39A2FE9C1718EA3F0075385A /* gradient@2x.png */ = {isa = PBXFileReference; lastKnownFileType = image.png; path = "gradient@2x.png"; sourceTree = "<group>"; };
		39BF2151171F35700094B777 /* about-highlighted.png */ = {isa = PBXFileReference; lastKnownFileType = image.png; path = "about-highlighted.png"; sourceTree = "<group>"; };
		39BF2152171F35700094B777 /* about-highlighted@2x.png */ = {isa = PBXFileReference; lastKnownFileType = image.png; path = "about-highlighted@2x.png"; sourceTree = "<group>"; };
		39BF2153171F35700094B777 /* design-highlighted.png */ = {isa = PBXFileReference; lastKnownFileType = image.png; path = "design-highlighted.png"; sourceTree = "<group>"; };
		39BF2154171F35700094B777 /* design-highlighted@2x.png */ = {isa = PBXFileReference; lastKnownFileType = image.png; path = "design-highlighted@2x.png"; sourceTree = "<group>"; };
		39BF2155171F35700094B777 /* maa-highlighted.png */ = {isa = PBXFileReference; lastKnownFileType = image.png; path = "maa-highlighted.png"; sourceTree = "<group>"; };
		39BF2156171F35700094B777 /* maa-highlighted@2x.png */ = {isa = PBXFileReference; lastKnownFileType = image.png; path = "maa-highlighted@2x.png"; sourceTree = "<group>"; };
		39BF2157171F35700094B777 /* mediaarts-highlighted.png */ = {isa = PBXFileReference; lastKnownFileType = image.png; path = "mediaarts-highlighted.png"; sourceTree = "<group>"; };
		39BF2158171F35700094B777 /* mediaarts-highlighted@2x.png */ = {isa = PBXFileReference; lastKnownFileType = image.png; path = "mediaarts-highlighted@2x.png"; sourceTree = "<group>"; };
		39BF2159171F35700094B777 /* page12@2x.png */ = {isa = PBXFileReference; lastKnownFileType = image.png; path = "page12@2x.png"; sourceTree = "<group>"; };
		39BF215A171F35700094B777 /* page13@2x.png */ = {isa = PBXFileReference; lastKnownFileType = image.png; path = "page13@2x.png"; sourceTree = "<group>"; };
		39BF215B171F35700094B777 /* page22@2x.png */ = {isa = PBXFileReference; lastKnownFileType = image.png; path = "page22@2x.png"; sourceTree = "<group>"; };
		39BF215C171F35700094B777 /* page23@2x.png */ = {isa = PBXFileReference; lastKnownFileType = image.png; path = "page23@2x.png"; sourceTree = "<group>"; };
		39BF215D171F35700094B777 /* page33@2x.png */ = {isa = PBXFileReference; lastKnownFileType = image.png; path = "page33@2x.png"; sourceTree = "<group>"; };
		39BF215E171F35700094B777 /* project-highlighted.png */ = {isa = PBXFileReference; lastKnownFileType = image.png; path = "project-highlighted.png"; sourceTree = "<group>"; };
		39BF215F171F35700094B777 /* project-highlighted@2x.png */ = {isa = PBXFileReference; lastKnownFileType = image.png; path = "project-highlighted@2x.png"; sourceTree = "<group>"; };
		39BF2160171F35700094B777 /* project-selected.png */ = {isa = PBXFileReference; lastKnownFileType = image.png; path = "project-selected.png"; sourceTree = "<group>"; };
		39BF2161171F35700094B777 /* project-selected@2x.png */ = {isa = PBXFileReference; lastKnownFileType = image.png; path = "project-selected@2x.png"; sourceTree = "<group>"; };
		39BF2162171F35700094B777 /* search-highlighted.png */ = {isa = PBXFileReference; lastKnownFileType = image.png; path = "search-highlighted.png"; sourceTree = "<group>"; };
		39BF2163171F35700094B777 /* search-highlighted@2x.png */ = {isa = PBXFileReference; lastKnownFileType = image.png; path = "search-highlighted@2x.png"; sourceTree = "<group>"; };
		39BF2164171F35700094B777 /* visualarts-highlighted.png */ = {isa = PBXFileReference; lastKnownFileType = image.png; path = "visualarts-highlighted.png"; sourceTree = "<group>"; };
		39BF2165171F35700094B777 /* visualarts-highlighted@2x.png */ = {isa = PBXFileReference; lastKnownFileType = image.png; path = "visualarts-highlighted@2x.png"; sourceTree = "<group>"; };
		39BF2166171F35700094B777 /* youarehere-highlighted.png */ = {isa = PBXFileReference; lastKnownFileType = image.png; path = "youarehere-highlighted.png"; sourceTree = "<group>"; };
		39BF2167171F35700094B777 /* youarehere-highlighted@2x.png */ = {isa = PBXFileReference; lastKnownFileType = image.png; path = "youarehere-highlighted@2x.png"; sourceTree = "<group>"; };
		39CD7C1A18E64EC700E349AE /* mdes-highlighted.png */ = {isa = PBXFileReference; lastKnownFileType = image.png; path = "mdes-highlighted.png"; sourceTree = "<group>"; };
		39CD7C1B18E64EC700E349AE /* mdes-highlighted@2x.png */ = {isa = PBXFileReference; lastKnownFileType = image.png; path = "mdes-highlighted@2x.png"; sourceTree = "<group>"; };
		39CD7C1C18E64EC700E349AE /* mdes-selected.png */ = {isa = PBXFileReference; lastKnownFileType = image.png; path = "mdes-selected.png"; sourceTree = "<group>"; };
		39CD7C1D18E64EC700E349AE /* mdes-selected@2x.png */ = {isa = PBXFileReference; lastKnownFileType = image.png; path = "mdes-selected@2x.png"; sourceTree = "<group>"; };
		39CD7C1E18E64EC700E349AE /* mdes.png */ = {isa = PBXFileReference; lastKnownFileType = image.png; path = mdes.png; sourceTree = "<group>"; };
		39CD7C1F18E64EC700E349AE /* mdes@2x.png */ = {isa = PBXFileReference; lastKnownFileType = image.png; path = "mdes@2x.png"; sourceTree = "<group>"; };
		7D936B1A190AFC0D00C093B2 /* Images.xcassets */ = {isa = PBXFileReference; lastKnownFileType = folder.assetcatalog; path = Images.xcassets; sourceTree = "<group>"; };
		A670255D170E0C0A00840867 /* Catalog.app */ = {isa = PBXFileReference; explicitFileType = wrapper.application; includeInIndex = 0; path = Catalog.app; sourceTree = BUILT_PRODUCTS_DIR; };
		A6702560170E0C0A00840867 /* UIKit.framework */ = {isa = PBXFileReference; lastKnownFileType = wrapper.framework; name = UIKit.framework; path = System/Library/Frameworks/UIKit.framework; sourceTree = SDKROOT; };
		A6702562170E0C0A00840867 /* Foundation.framework */ = {isa = PBXFileReference; lastKnownFileType = wrapper.framework; name = Foundation.framework; path = System/Library/Frameworks/Foundation.framework; sourceTree = SDKROOT; };
		A6702564170E0C0A00840867 /* CoreGraphics.framework */ = {isa = PBXFileReference; lastKnownFileType = wrapper.framework; name = CoreGraphics.framework; path = System/Library/Frameworks/CoreGraphics.framework; sourceTree = SDKROOT; };
		A6702568170E0C0A00840867 /* Catalog-Info.plist */ = {isa = PBXFileReference; lastKnownFileType = text.plist.xml; path = "Catalog-Info.plist"; sourceTree = "<group>"; };
		A670256A170E0C0A00840867 /* en */ = {isa = PBXFileReference; lastKnownFileType = text.plist.strings; name = en; path = en.lproj/InfoPlist.strings; sourceTree = "<group>"; };
		A670256C170E0C0A00840867 /* main.m */ = {isa = PBXFileReference; lastKnownFileType = sourcecode.c.objc; path = main.m; sourceTree = "<group>"; };
		A670256E170E0C0A00840867 /* Catalog-Prefix.pch */ = {isa = PBXFileReference; lastKnownFileType = sourcecode.c.h; path = "Catalog-Prefix.pch"; sourceTree = "<group>"; };
		A670256F170E0C0A00840867 /* AppDelegate.h */ = {isa = PBXFileReference; lastKnownFileType = sourcecode.c.h; path = AppDelegate.h; sourceTree = "<group>"; };
		A6702570170E0C0A00840867 /* AppDelegate.m */ = {isa = PBXFileReference; lastKnownFileType = sourcecode.c.objc; path = AppDelegate.m; sourceTree = "<group>"; };
		A6702572170E0C0A00840867 /* Default.png */ = {isa = PBXFileReference; lastKnownFileType = image.png; path = Default.png; sourceTree = "<group>"; };
		A6702574170E0C0A00840867 /* Default@2x.png */ = {isa = PBXFileReference; lastKnownFileType = image.png; path = "Default@2x.png"; sourceTree = "<group>"; };
		A6702576170E0C0A00840867 /* Default-568h@2x.png */ = {isa = PBXFileReference; lastKnownFileType = image.png; path = "Default-568h@2x.png"; sourceTree = "<group>"; };
		A6702578170E0C0A00840867 /* ProjectListViewController.h */ = {isa = PBXFileReference; lastKnownFileType = sourcecode.c.h; path = ProjectListViewController.h; sourceTree = "<group>"; };
		A6702579170E0C0A00840867 /* ProjectListViewController.m */ = {isa = PBXFileReference; lastKnownFileType = sourcecode.c.objc; path = ProjectListViewController.m; sourceTree = "<group>"; };
		A670257C170E0C0A00840867 /* en */ = {isa = PBXFileReference; lastKnownFileType = file.xib; name = en; path = en.lproj/ProjectListViewController.xib; sourceTree = "<group>"; };
		A6702583170E212C00840867 /* ProjectCell.xib */ = {isa = PBXFileReference; fileEncoding = 4; lastKnownFileType = file.xib; path = ProjectCell.xib; sourceTree = "<group>"; };
		A6702585170E331600840867 /* ProjectViewController.h */ = {isa = PBXFileReference; fileEncoding = 4; lastKnownFileType = sourcecode.c.h; path = ProjectViewController.h; sourceTree = "<group>"; };
		A6702586170E331600840867 /* ProjectViewController.m */ = {isa = PBXFileReference; fileEncoding = 4; lastKnownFileType = sourcecode.c.objc; path = ProjectViewController.m; sourceTree = "<group>"; };
		A6702587170E331600840867 /* ProjectViewController.xib */ = {isa = PBXFileReference; fileEncoding = 4; lastKnownFileType = file.xib; path = ProjectViewController.xib; sourceTree = "<group>"; };
		A6EB5A9F17161B9E0009F406 /* about.html */ = {isa = PBXFileReference; fileEncoding = 4; lastKnownFileType = text.html; path = about.html; sourceTree = "<group>"; };
		A6EB5AA61716243D0009F406 /* test.png */ = {isa = PBXFileReference; lastKnownFileType = image.png; path = test.png; sourceTree = "<group>"; };
		A6EB5AA71716243D0009F406 /* test@2x.png */ = {isa = PBXFileReference; lastKnownFileType = image.png; path = "test@2x.png"; sourceTree = "<group>"; };
		A6EB5AAA1718A6C60009F406 /* page12.png */ = {isa = PBXFileReference; lastKnownFileType = image.png; path = page12.png; sourceTree = "<group>"; };
		A6EB5AAB1718A6C60009F406 /* page13.png */ = {isa = PBXFileReference; lastKnownFileType = image.png; path = page13.png; sourceTree = "<group>"; };
		A6EB5AAC1718A6C60009F406 /* page22.png */ = {isa = PBXFileReference; lastKnownFileType = image.png; path = page22.png; sourceTree = "<group>"; };
		A6EB5AAD1718A6C60009F406 /* page23.png */ = {isa = PBXFileReference; lastKnownFileType = image.png; path = page23.png; sourceTree = "<group>"; };
		A6EB5AAE1718A6C60009F406 /* page33.png */ = {isa = PBXFileReference; lastKnownFileType = image.png; path = page33.png; sourceTree = "<group>"; };
		A6EB5AB41718B5530009F406 /* CachedImageLoader.h */ = {isa = PBXFileReference; fileEncoding = 4; lastKnownFileType = sourcecode.c.h; path = CachedImageLoader.h; sourceTree = "<group>"; };
		A6EB5AB51718B5530009F406 /* CachedImageLoader.m */ = {isa = PBXFileReference; fileEncoding = 4; lastKnownFileType = sourcecode.c.objc; path = CachedImageLoader.m; sourceTree = "<group>"; };
		A6EB5AB71720C5C40009F406 /* video-curtain.png */ = {isa = PBXFileReference; lastKnownFileType = image.png; path = "video-curtain.png"; sourceTree = "<group>"; };
		A6EB5AB91720D2E60009F406 /* video-curtain@2x.png */ = {isa = PBXFileReference; lastKnownFileType = image.png; path = "video-curtain@2x.png"; sourceTree = "<group>"; };
		A6EB5ABB1721B9B80009F406 /* AVFoundation.framework */ = {isa = PBXFileReference; lastKnownFileType = wrapper.framework; name = AVFoundation.framework; path = System/Library/Frameworks/AVFoundation.framework; sourceTree = SDKROOT; };
		A6EB5ABD1721BC980009F406 /* UIApplication+NetworkActivityIndicator.h */ = {isa = PBXFileReference; fileEncoding = 4; lastKnownFileType = sourcecode.c.h; path = "UIApplication+NetworkActivityIndicator.h"; sourceTree = "<group>"; };
		A6EB5ABE1721BC990009F406 /* UIApplication+NetworkActivityIndicator.m */ = {isa = PBXFileReference; fileEncoding = 4; lastKnownFileType = sourcecode.c.objc; path = "UIApplication+NetworkActivityIndicator.m"; sourceTree = "<group>"; };
		A6EB5AC01721C0270009F406 /* ecuad-logo.png */ = {isa = PBXFileReference; lastKnownFileType = image.png; path = "ecuad-logo.png"; sourceTree = "<group>"; };
		A6EB5AC11721C0280009F406 /* ecuad-logo@2x.png */ = {isa = PBXFileReference; lastKnownFileType = image.png; path = "ecuad-logo@2x.png"; sourceTree = "<group>"; };
		A6EB5AC21721C0280009F406 /* logo.png */ = {isa = PBXFileReference; lastKnownFileType = image.png; path = logo.png; sourceTree = "<group>"; };
		A6EB5AC31721C0290009F406 /* logo@2x.png */ = {isa = PBXFileReference; lastKnownFileType = image.png; path = "logo@2x.png"; sourceTree = "<group>"; };
		A6EB5AC81721CFFE0009F406 /* MBProgressHUD.h */ = {isa = PBXFileReference; lastKnownFileType = sourcecode.c.h; path = MBProgressHUD.h; sourceTree = "<group>"; };
		A6EB5AC91721CFFF0009F406 /* MBProgressHUD.m */ = {isa = PBXFileReference; lastKnownFileType = sourcecode.c.objc; path = MBProgressHUD.m; sourceTree = "<group>"; };
/* End PBXFileReference section */

/* Begin PBXFrameworksBuildPhase section */
		A670255A170E0C0A00840867 /* Frameworks */ = {
			isa = PBXFrameworksBuildPhase;
			buildActionMask = 2147483647;
			files = (
				A6EB5ABC1721B9B90009F406 /* AVFoundation.framework in Frameworks */,
				A6702561170E0C0A00840867 /* UIKit.framework in Frameworks */,
				A6702563170E0C0A00840867 /* Foundation.framework in Frameworks */,
				A6702565170E0C0A00840867 /* CoreGraphics.framework in Frameworks */,
			);
			runOnlyForDeploymentPostprocessing = 0;
		};
/* End PBXFrameworksBuildPhase section */

/* Begin PBXGroup section */
		A6702554170E0C0A00840867 = {
			isa = PBXGroup;
			children = (
				A6EB5ABB1721B9B80009F406 /* AVFoundation.framework */,
				3992D92B171E0CE600E0E641 /* Default-Landscape.png */,
				3992D92C171E0CE600E0E641 /* Default-Landscape@2x.png */,
				3992D917171E059200E0E641 /* Icon-72.png */,
				3992D918171E059200E0E641 /* Icon-72@2x.png */,
				3992D919171E059200E0E641 /* Icon-Small-50.png */,
				3992D91A171E059200E0E641 /* Icon-Small-50@2x.png */,
				3992D91B171E059200E0E641 /* Icon-Small.png */,
				3992D91C171E059200E0E641 /* Icon-Small@2x.png */,
				3992D91D171E059200E0E641 /* Icon.png */,
				3992D91E171E059200E0E641 /* Icon@2x.png */,
				3992D920171E059200E0E641 /* iTunesArtwork@2x.png */,
				A6EB5A9F17161B9E0009F406 /* about.html */,
				A6EB5AA51716243D0009F406 /* Images */,
				A6702566170E0C0A00840867 /* Catalog */,
				A670255F170E0C0A00840867 /* Frameworks */,
				A670255E170E0C0A00840867 /* Products */,
			);
			sourceTree = "<group>";
		};
		A670255E170E0C0A00840867 /* Products */ = {
			isa = PBXGroup;
			children = (
				A670255D170E0C0A00840867 /* Catalog.app */,
			);
			name = Products;
			sourceTree = "<group>";
		};
		A670255F170E0C0A00840867 /* Frameworks */ = {
			isa = PBXGroup;
			children = (
				A6702560170E0C0A00840867 /* UIKit.framework */,
				A6702562170E0C0A00840867 /* Foundation.framework */,
				A6702564170E0C0A00840867 /* CoreGraphics.framework */,
			);
			name = Frameworks;
			sourceTree = "<group>";
		};
		A6702566170E0C0A00840867 /* Catalog */ = {
			isa = PBXGroup;
			children = (
				A6702567170E0C0A00840867 /* Supporting Files */,
				A670256F170E0C0A00840867 /* AppDelegate.h */,
				A6702570170E0C0A00840867 /* AppDelegate.m */,
				A6EB5ABD1721BC980009F406 /* UIApplication+NetworkActivityIndicator.h */,
				A6EB5ABE1721BC990009F406 /* UIApplication+NetworkActivityIndicator.m */,
				A6702578170E0C0A00840867 /* ProjectListViewController.h */,
				A6702579170E0C0A00840867 /* ProjectListViewController.m */,
				A670257B170E0C0A00840867 /* ProjectListViewController.xib */,
				A6702583170E212C00840867 /* ProjectCell.xib */,
				A6702585170E331600840867 /* ProjectViewController.h */,
				A6702586170E331600840867 /* ProjectViewController.m */,
				A6702587170E331600840867 /* ProjectViewController.xib */,
				A6EB5AB41718B5530009F406 /* CachedImageLoader.h */,
				A6EB5AB51718B5530009F406 /* CachedImageLoader.m */,
				A6EB5AC81721CFFE0009F406 /* MBProgressHUD.h */,
				A6EB5AC91721CFFF0009F406 /* MBProgressHUD.m */,
				7D936B1A190AFC0D00C093B2 /* Images.xcassets */,
			);
			path = Catalog;
			sourceTree = "<group>";
		};
		A6702567170E0C0A00840867 /* Supporting Files */ = {
			isa = PBXGroup;
			children = (
				A6702568170E0C0A00840867 /* Catalog-Info.plist */,
				A6702569170E0C0A00840867 /* InfoPlist.strings */,
				A670256C170E0C0A00840867 /* main.m */,
				A670256E170E0C0A00840867 /* Catalog-Prefix.pch */,
				A6702572170E0C0A00840867 /* Default.png */,
				A6702574170E0C0A00840867 /* Default@2x.png */,
				A6702576170E0C0A00840867 /* Default-568h@2x.png */,
			);
			name = "Supporting Files";
			sourceTree = "<group>";
		};
		A6EB5AA51716243D0009F406 /* Images */ = {
			isa = PBXGroup;
			children = (
				3919012518E5FCDB00078FE1 /* timeline-highlighted.png */,
				3919012618E5FCDB00078FE1 /* timeline-highlighted@2x.png */,
				3919012718E5FCDB00078FE1 /* timeline-selected.png */,
				3919012818E5FCDB00078FE1 /* timeline-selected@2x.png */,
				3919012118E5F8D600078FE1 /* timeline.png */,
				3919012218E5F8D600078FE1 /* timeline@2x.png */,
				A6EB5AC01721C0270009F406 /* ecuad-logo.png */,
				A6EB5AC11721C0280009F406 /* ecuad-logo@2x.png */,
				A6EB5AC21721C0280009F406 /* logo.png */,
				A6EB5AC31721C0290009F406 /* logo@2x.png */,
				A6EB5AB71720C5C40009F406 /* video-curtain.png */,
				A6EB5AB91720D2E60009F406 /* video-curtain@2x.png */,
				393E4D97171F5EF700F68C2A /* page14.png */,
				393E4D98171F5EF700F68C2A /* page14@2x.png */,
				393E4D99171F5EF700F68C2A /* page24.png */,
				393E4D9A171F5EF700F68C2A /* page24@2x.png */,
				393E4D9B171F5EF700F68C2A /* page34.png */,
				393E4D9C171F5EF700F68C2A /* page34@2x.png */,
				393E4D9D171F5EF700F68C2A /* page44.png */,
				393E4D9E171F5EF700F68C2A /* page44@2x.png */,
				39BF2151171F35700094B777 /* about-highlighted.png */,
				39BF2152171F35700094B777 /* about-highlighted@2x.png */,
				39BF2153171F35700094B777 /* design-highlighted.png */,
				39BF2154171F35700094B777 /* design-highlighted@2x.png */,
				39BF2155171F35700094B777 /* maa-highlighted.png */,
				39BF2156171F35700094B777 /* maa-highlighted@2x.png */,
				39BF2157171F35700094B777 /* mediaarts-highlighted.png */,
				39BF2158171F35700094B777 /* mediaarts-highlighted@2x.png */,
				39BF2159171F35700094B777 /* page12@2x.png */,
				39BF215A171F35700094B777 /* page13@2x.png */,
				39BF215B171F35700094B777 /* page22@2x.png */,
				39BF215C171F35700094B777 /* page23@2x.png */,
				39BF215D171F35700094B777 /* page33@2x.png */,
				39BF215E171F35700094B777 /* project-highlighted.png */,
				39BF215F171F35700094B777 /* project-highlighted@2x.png */,
				39BF2160171F35700094B777 /* project-selected.png */,
				39BF2161171F35700094B777 /* project-selected@2x.png */,
				39BF2162171F35700094B777 /* search-highlighted.png */,
				39BF2163171F35700094B777 /* search-highlighted@2x.png */,
				39BF2164171F35700094B777 /* visualarts-highlighted.png */,
				39BF2165171F35700094B777 /* visualarts-highlighted@2x.png */,
				39BF2166171F35700094B777 /* youarehere-highlighted.png */,
				39BF2167171F35700094B777 /* youarehere-highlighted@2x.png */,
				39A2FE9B1718EA3F0075385A /* gradient.png */,
				39A2FE9C1718EA3F0075385A /* gradient@2x.png */,
				39A2FE8B1718E6330075385A /* back-button-highlighted.png */,
				39A2FE8C1718E6330075385A /* back-button-highlighted@2x.png */,
				39A2FE8D1718E6330075385A /* back-button.png */,
				39A2FE8E1718E6330075385A /* back-button@2x.png */,
				39A2FE8F1718E6340075385A /* info-button-highlighted.png */,
				39A2FE901718E6340075385A /* info-button-highlighted@2x.png */,
				39A2FE911718E6340075385A /* info-button.png */,
				39A2FE921718E6340075385A /* info-button@2x.png */,
				39A2FE871718E37B0075385A /* background.png */,
				39A2FE881718E37B0075385A /* background@2x.png */,
				39A2FE7F1718DDEB0075385A /* search-selected.png */,
				39A2FE801718DDEB0075385A /* search-selected@2x.png */,
				39A2FE811718DDEB0075385A /* search.png */,
				39A2FE821718DDEB0075385A /* search@2x.png */,
				39A2FE671718DB340075385A /* visualarts-selected.png */,
				39A2FE6F1718DDE10075385A /* about-selected.png */,
				39A2FE701718DDE10075385A /* about-selected@2x.png */,
				39A2FE711718DDE10075385A /* about.png */,
				39CD7C1A18E64EC700E349AE /* mdes-highlighted.png */,
				39CD7C1B18E64EC700E349AE /* mdes-highlighted@2x.png */,
				39CD7C1C18E64EC700E349AE /* mdes-selected.png */,
				39CD7C1D18E64EC700E349AE /* mdes-selected@2x.png */,
				39CD7C1E18E64EC700E349AE /* mdes.png */,
				39CD7C1F18E64EC700E349AE /* mdes@2x.png */,
				39A2FE721718DDE10075385A /* about@2x.png */,
				39A2FE731718DDE10075385A /* maa-selected.png */,
				39A2FE741718DDE10075385A /* maa-selected@2x.png */,
				39A2FE751718DDE10075385A /* maa.png */,
				39A2FE761718DDE10075385A /* maa@2x.png */,
				39A2FE681718DB340075385A /* visualarts-selected@2x.png */,
				39A2FE691718DB340075385A /* visualarts.png */,
				39A2FE6A1718DB340075385A /* visualarts@2x.png */,
				A6EB5AAA1718A6C60009F406 /* page12.png */,
				A6EB5AAB1718A6C60009F406 /* page13.png */,
				A6EB5AAC1718A6C60009F406 /* page22.png */,
				A6EB5AAD1718A6C60009F406 /* page23.png */,
				A6EB5AAE1718A6C60009F406 /* page33.png */,
				39A2FE5F1718D8810075385A /* mediaarts-selected.png */,
				39A2FE601718D8810075385A /* mediaarts-selected@2x.png */,
				39A2FE611718D8810075385A /* mediaarts.png */,
				39A2FE621718D8810075385A /* mediaarts@2x.png */,
				39A2FE571718AA5F0075385A /* design-selected.png */,
				39A2FE581718AA5F0075385A /* design-selected@2x.png */,
				39A2FE591718AA5F0075385A /* design.png */,
				39A2FE5A1718AA5F0075385A /* design@2x.png */,
				39A2FE4F1718A8880075385A /* youarehere-selected.png */,
				39A2FE501718A8880075385A /* youarehere-selected@2x.png */,
				39A2FE511718A8880075385A /* youarehere.png */,
				39A2FE521718A8880075385A /* youarehere@2x.png */,
				39A2FE4B1718A5F40075385A /* nav-background.png */,
				39A2FE4C1718A5F40075385A /* nav-background@2x.png */,
				A6EB5AA61716243D0009F406 /* test.png */,
				A6EB5AA71716243D0009F406 /* test@2x.png */,
			);
			path = Images;
			sourceTree = "<group>";
		};
/* End PBXGroup section */

/* Begin PBXNativeTarget section */
		A670255C170E0C0A00840867 /* Catalog */ = {
			isa = PBXNativeTarget;
			buildConfigurationList = A6702580170E0C0A00840867 /* Build configuration list for PBXNativeTarget "Catalog" */;
			buildPhases = (
				A6702559170E0C0A00840867 /* Sources */,
				A670255A170E0C0A00840867 /* Frameworks */,
				A670255B170E0C0A00840867 /* Resources */,
			);
			buildRules = (
			);
			dependencies = (
			);
			name = Catalog;
			productName = Catalog;
			productReference = A670255D170E0C0A00840867 /* Catalog.app */;
			productType = "com.apple.product-type.application";
		};
/* End PBXNativeTarget section */

/* Begin PBXProject section */
		A6702555170E0C0A00840867 /* Project object */ = {
			isa = PBXProject;
			attributes = {
				LastUpgradeCheck = 0460;
				ORGANIZATIONNAME = "Nigel Brooke";
			};
			buildConfigurationList = A6702558170E0C0A00840867 /* Build configuration list for PBXProject "Catalog" */;
			compatibilityVersion = "Xcode 3.2";
			developmentRegion = English;
			hasScannedForEncodings = 0;
			knownRegions = (
				en,
			);
			mainGroup = A6702554170E0C0A00840867;
			productRefGroup = A670255E170E0C0A00840867 /* Products */;
			projectDirPath = "";
			projectRoot = "";
			targets = (
				A670255C170E0C0A00840867 /* Catalog */,
			);
		};
/* End PBXProject section */

/* Begin PBXResourcesBuildPhase section */
		A670255B170E0C0A00840867 /* Resources */ = {
			isa = PBXResourcesBuildPhase;
			buildActionMask = 2147483647;
			files = (
				A670256B170E0C0A00840867 /* InfoPlist.strings in Resources */,
				A6702573170E0C0A00840867 /* Default.png in Resources */,
				A6702575170E0C0A00840867 /* Default@2x.png in Resources */,
				A6702577170E0C0A00840867 /* Default-568h@2x.png in Resources */,
				39CD7C2418E64EC700E349AE /* mdes.png in Resources */,
				A670257D170E0C0A00840867 /* ProjectListViewController.xib in Resources */,
				A6702584170E212C00840867 /* ProjectCell.xib in Resources */,
				A6702589170E331600840867 /* ProjectViewController.xib in Resources */,
				A6EB5AA017161B9E0009F406 /* about.html in Resources */,
				A6EB5AA81716243D0009F406 /* test.png in Resources */,
				A6EB5AA91716243D0009F406 /* test@2x.png in Resources */,
				A6EB5AAF1718A6C60009F406 /* page12.png in Resources */,
				A6EB5AB01718A6C60009F406 /* page13.png in Resources */,
				3919012918E5FCDB00078FE1 /* timeline-highlighted.png in Resources */,
				A6EB5AB11718A6C60009F406 /* page22.png in Resources */,
				7D936B1B190AFC0D00C093B2 /* Images.xcassets in Resources */,
				39CD7C2018E64EC700E349AE /* mdes-highlighted.png in Resources */,
				A6EB5AB21718A6C60009F406 /* page23.png in Resources */,
				A6EB5AB31718A6C60009F406 /* page33.png in Resources */,
				39A2FE4D1718A5F40075385A /* nav-background.png in Resources */,
				39A2FE4E1718A5F40075385A /* nav-background@2x.png in Resources */,
				39A2FE531718A8880075385A /* youarehere-selected.png in Resources */,
				39A2FE541718A8880075385A /* youarehere-selected@2x.png in Resources */,
				39A2FE551718A8880075385A /* youarehere.png in Resources */,
				39A2FE561718A8880075385A /* youarehere@2x.png in Resources */,
				39A2FE5B1718AA5F0075385A /* design-selected.png in Resources */,
				39A2FE5C1718AA5F0075385A /* design-selected@2x.png in Resources */,
				39A2FE5D1718AA5F0075385A /* design.png in Resources */,
				39A2FE5E1718AA5F0075385A /* design@2x.png in Resources */,
				39A2FE631718D8810075385A /* mediaarts-selected.png in Resources */,
				39A2FE641718D8810075385A /* mediaarts-selected@2x.png in Resources */,
				39A2FE651718D8810075385A /* mediaarts.png in Resources */,
				39A2FE661718D8810075385A /* mediaarts@2x.png in Resources */,
				39A2FE6B1718DB340075385A /* visualarts-selected.png in Resources */,
				39A2FE6C1718DB340075385A /* visualarts-selected@2x.png in Resources */,
				39A2FE6D1718DB340075385A /* visualarts.png in Resources */,
				39A2FE6E1718DB340075385A /* visualarts@2x.png in Resources */,
				39A2FE771718DDE10075385A /* about-selected.png in Resources */,
				3919012C18E5FCDB00078FE1 /* timeline-selected@2x.png in Resources */,
				39A2FE781718DDE10075385A /* about-selected@2x.png in Resources */,
				39A2FE791718DDE10075385A /* about.png in Resources */,
				39A2FE7A1718DDE10075385A /* about@2x.png in Resources */,
				39A2FE7B1718DDE10075385A /* maa-selected.png in Resources */,
				39A2FE7C1718DDE10075385A /* maa-selected@2x.png in Resources */,
				39A2FE7D1718DDE10075385A /* maa.png in Resources */,
				39A2FE7E1718DDE10075385A /* maa@2x.png in Resources */,
				39A2FE831718DDEB0075385A /* search-selected.png in Resources */,
				39A2FE841718DDEB0075385A /* search-selected@2x.png in Resources */,
				39A2FE851718DDEB0075385A /* search.png in Resources */,
				39A2FE861718DDEB0075385A /* search@2x.png in Resources */,
				39A2FE891718E37C0075385A /* background.png in Resources */,
				39A2FE8A1718E37C0075385A /* background@2x.png in Resources */,
				39A2FE931718E6350075385A /* back-button-highlighted.png in Resources */,
				39A2FE941718E6350075385A /* back-button-highlighted@2x.png in Resources */,
				39A2FE951718E6350075385A /* back-button.png in Resources */,
				39A2FE961718E6350075385A /* back-button@2x.png in Resources */,
				39A2FE971718E6350075385A /* info-button-highlighted.png in Resources */,
				39A2FE981718E6350075385A /* info-button-highlighted@2x.png in Resources */,
				39A2FE991718E6350075385A /* info-button.png in Resources */,
				39A2FE9A1718E6350075385A /* info-button@2x.png in Resources */,
				39A2FE9D1718EA3F0075385A /* gradient.png in Resources */,
				39A2FE9E1718EA3F0075385A /* gradient@2x.png in Resources */,
				3992D921171E059200E0E641 /* Icon-72.png in Resources */,
				3992D922171E059200E0E641 /* Icon-72@2x.png in Resources */,
				3992D923171E059200E0E641 /* Icon-Small-50.png in Resources */,
				3992D924171E059200E0E641 /* Icon-Small-50@2x.png in Resources */,
				3992D925171E059200E0E641 /* Icon-Small.png in Resources */,
				3992D926171E059200E0E641 /* Icon-Small@2x.png in Resources */,
				3992D927171E059200E0E641 /* Icon.png in Resources */,
				3992D928171E059200E0E641 /* Icon@2x.png in Resources */,
				3992D92A171E059200E0E641 /* iTunesArtwork@2x.png in Resources */,
				3992D92D171E0CE600E0E641 /* Default-Landscape.png in Resources */,
				3992D92E171E0CE600E0E641 /* Default-Landscape@2x.png in Resources */,
				39BF2168171F35700094B777 /* about-highlighted.png in Resources */,
				39BF2169171F35700094B777 /* about-highlighted@2x.png in Resources */,
				3919012A18E5FCDB00078FE1 /* timeline-highlighted@2x.png in Resources */,
				39BF216A171F35700094B777 /* design-highlighted.png in Resources */,
				39BF216B171F35700094B777 /* design-highlighted@2x.png in Resources */,
				39BF216C171F35700094B777 /* maa-highlighted.png in Resources */,
				39BF216D171F35700094B777 /* maa-highlighted@2x.png in Resources */,
				39BF216E171F35700094B777 /* mediaarts-highlighted.png in Resources */,
				39CD7C2518E64EC700E349AE /* mdes@2x.png in Resources */,
				39BF216F171F35700094B777 /* mediaarts-highlighted@2x.png in Resources */,
				39BF2170171F35700094B777 /* page12@2x.png in Resources */,
				39BF2171171F35700094B777 /* page13@2x.png in Resources */,
				39BF2172171F35700094B777 /* page22@2x.png in Resources */,
				39BF2173171F35700094B777 /* page23@2x.png in Resources */,
				39BF2174171F35700094B777 /* page33@2x.png in Resources */,
				39BF2175171F35700094B777 /* project-highlighted.png in Resources */,
				39BF2176171F35700094B777 /* project-highlighted@2x.png in Resources */,
				39BF2177171F35700094B777 /* project-selected.png in Resources */,
				39BF2178171F35700094B777 /* project-selected@2x.png in Resources */,
				39BF2179171F35700094B777 /* search-highlighted.png in Resources */,
				39BF217A171F35700094B777 /* search-highlighted@2x.png in Resources */,
				39CD7C2218E64EC700E349AE /* mdes-selected.png in Resources */,
				39BF217B171F35700094B777 /* visualarts-highlighted.png in Resources */,
				39CD7C2118E64EC700E349AE /* mdes-highlighted@2x.png in Resources */,
				39CD7C2318E64EC700E349AE /* mdes-selected@2x.png in Resources */,
				39BF217C171F35700094B777 /* visualarts-highlighted@2x.png in Resources */,
				39BF217D171F35700094B777 /* youarehere-highlighted.png in Resources */,
				39BF217E171F35700094B777 /* youarehere-highlighted@2x.png in Resources */,
				393E4D9F171F5EF700F68C2A /* page14.png in Resources */,
				3919012418E5F8D700078FE1 /* timeline@2x.png in Resources */,
				3919012B18E5FCDB00078FE1 /* timeline-selected.png in Resources */,
				393E4DA0171F5EF700F68C2A /* page14@2x.png in Resources */,
				393E4DA1171F5EF700F68C2A /* page24.png in Resources */,
				393E4DA2171F5EF700F68C2A /* page24@2x.png in Resources */,
				393E4DA3171F5EF700F68C2A /* page34.png in Resources */,
				393E4DA4171F5EF700F68C2A /* page34@2x.png in Resources */,
				393E4DA5171F5EF700F68C2A /* page44.png in Resources */,
				393E4DA6171F5EF700F68C2A /* page44@2x.png in Resources */,
				A6EB5AB81720C5C40009F406 /* video-curtain.png in Resources */,
				A6EB5ABA1720D2E60009F406 /* video-curtain@2x.png in Resources */,
				A6EB5AC41721C02A0009F406 /* ecuad-logo.png in Resources */,
				A6EB5AC51721C02A0009F406 /* ecuad-logo@2x.png in Resources */,
				A6EB5AC61721C02A0009F406 /* logo.png in Resources */,
				3919012318E5F8D700078FE1 /* timeline.png in Resources */,
				A6EB5AC71721C02A0009F406 /* logo@2x.png in Resources */,
			);
			runOnlyForDeploymentPostprocessing = 0;
		};
/* End PBXResourcesBuildPhase section */

/* Begin PBXSourcesBuildPhase section */
		A6702559170E0C0A00840867 /* Sources */ = {
			isa = PBXSourcesBuildPhase;
			buildActionMask = 2147483647;
			files = (
				A670256D170E0C0A00840867 /* main.m in Sources */,
				A6702571170E0C0A00840867 /* AppDelegate.m in Sources */,
				A670257A170E0C0A00840867 /* ProjectListViewController.m in Sources */,
				A6702588170E331600840867 /* ProjectViewController.m in Sources */,
				A6EB5AB61718B5530009F406 /* CachedImageLoader.m in Sources */,
				A6EB5ABF1721BC990009F406 /* UIApplication+NetworkActivityIndicator.m in Sources */,
				A6EB5ACA1721D2260009F406 /* MBProgressHUD.m in Sources */,
			);
			runOnlyForDeploymentPostprocessing = 0;
		};
/* End PBXSourcesBuildPhase section */

/* Begin PBXVariantGroup section */
		A6702569170E0C0A00840867 /* InfoPlist.strings */ = {
			isa = PBXVariantGroup;
			children = (
				A670256A170E0C0A00840867 /* en */,
			);
			name = InfoPlist.strings;
			sourceTree = "<group>";
		};
		A670257B170E0C0A00840867 /* ProjectListViewController.xib */ = {
			isa = PBXVariantGroup;
			children = (
				A670257C170E0C0A00840867 /* en */,
			);
			name = ProjectListViewController.xib;
			sourceTree = "<group>";
		};
/* End PBXVariantGroup section */

/* Begin XCBuildConfiguration section */
		A670257E170E0C0A00840867 /* Debug */ = {
			isa = XCBuildConfiguration;
			buildSettings = {
				ALWAYS_SEARCH_USER_PATHS = NO;
				CLANG_CXX_LANGUAGE_STANDARD = "gnu++0x";
				CLANG_CXX_LIBRARY = "libc++";
				CLANG_ENABLE_OBJC_ARC = YES;
				CLANG_WARN_CONSTANT_CONVERSION = YES;
				CLANG_WARN_EMPTY_BODY = YES;
				CLANG_WARN_ENUM_CONVERSION = YES;
				CLANG_WARN_INT_CONVERSION = YES;
				CLANG_WARN__DUPLICATE_METHOD_MATCH = YES;
				"CODE_SIGN_IDENTITY[sdk=iphoneos*]" = "iPhone Developer";
				COPY_PHASE_STRIP = NO;
				GCC_C_LANGUAGE_STANDARD = gnu99;
				GCC_DYNAMIC_NO_PIC = NO;
				GCC_OPTIMIZATION_LEVEL = 0;
				GCC_PREPROCESSOR_DEFINITIONS = (
					"DEBUG=1",
					"$(inherited)",
				);
				GCC_SYMBOLS_PRIVATE_EXTERN = NO;
				GCC_WARN_ABOUT_RETURN_TYPE = YES;
				GCC_WARN_UNINITIALIZED_AUTOS = YES;
				GCC_WARN_UNUSED_VARIABLE = YES;
				IPHONEOS_DEPLOYMENT_TARGET = 6.1;
				ONLY_ACTIVE_ARCH = YES;
				SDKROOT = iphoneos;
				TARGETED_DEVICE_FAMILY = 2;
			};
			name = Debug;
		};
		A670257F170E0C0A00840867 /* Release */ = {
			isa = XCBuildConfiguration;
			buildSettings = {
				ALWAYS_SEARCH_USER_PATHS = NO;
				CLANG_CXX_LANGUAGE_STANDARD = "gnu++0x";
				CLANG_CXX_LIBRARY = "libc++";
				CLANG_ENABLE_OBJC_ARC = YES;
				CLANG_WARN_CONSTANT_CONVERSION = YES;
				CLANG_WARN_EMPTY_BODY = YES;
				CLANG_WARN_ENUM_CONVERSION = YES;
				CLANG_WARN_INT_CONVERSION = YES;
				CLANG_WARN__DUPLICATE_METHOD_MATCH = YES;
				CODE_SIGN_IDENTITY = "iPhone Distribution: Emily Carr University of Art and Design (694M4X7J6G)";
				"CODE_SIGN_IDENTITY[sdk=iphoneos*]" = "iPhone Distribution: Emily Carr University of Art and Design (694M4X7J6G)";
				COPY_PHASE_STRIP = YES;
				GCC_C_LANGUAGE_STANDARD = gnu99;
				GCC_WARN_ABOUT_RETURN_TYPE = YES;
				GCC_WARN_UNINITIALIZED_AUTOS = YES;
				GCC_WARN_UNUSED_VARIABLE = YES;
				IPHONEOS_DEPLOYMENT_TARGET = 6.1;
				OTHER_CFLAGS = "-DNS_BLOCK_ASSERTIONS=1";
				PROVISIONING_PROFILE = "DBCF954D-5DE5-4002-974E-BEABBB6F8D06";
				"PROVISIONING_PROFILE[sdk=iphoneos*]" = "DBCF954D-5DE5-4002-974E-BEABBB6F8D06";
				SDKROOT = iphoneos;
				TARGETED_DEVICE_FAMILY = 2;
				VALIDATE_PRODUCT = YES;
			};
			name = Release;
		};
		A6702581170E0C0A00840867 /* Debug */ = {
			isa = XCBuildConfiguration;
			buildSettings = {
				ASSETCATALOG_COMPILER_APPICON_NAME = AppIcon;
				ASSETCATALOG_COMPILER_LAUNCHIMAGE_NAME = LaunchImage;
				GCC_PRECOMPILE_PREFIX_HEADER = YES;
				GCC_PREFIX_HEADER = "Catalog/Catalog-Prefix.pch";
				INFOPLIST_FILE = "Catalog/Catalog-Info.plist";
				PRODUCT_NAME = "$(TARGET_NAME)";
				WRAPPER_EXTENSION = app;
			};
			name = Debug;
		};
		A6702582170E0C0A00840867 /* Release */ = {
			isa = XCBuildConfiguration;
			buildSettings = {
				ASSETCATALOG_COMPILER_APPICON_NAME = AppIcon;
				ASSETCATALOG_COMPILER_LAUNCHIMAGE_NAME = LaunchImage;
				GCC_PRECOMPILE_PREFIX_HEADER = YES;
				GCC_PREFIX_HEADER = "Catalog/Catalog-Prefix.pch";
				INFOPLIST_FILE = "Catalog/Catalog-Info.plist";
				PRODUCT_NAME = "$(TARGET_NAME)";
				PROVISIONING_PROFILE = "27EF2FDF-BC43-46A2-9556-21B3CBE671EF";
				WRAPPER_EXTENSION = app;
			};
			name = Release;
		};
/* End XCBuildConfiguration section */

/* Begin XCConfigurationList section */
		A6702558170E0C0A00840867 /* Build configuration list for PBXProject "Catalog" */ = {
			isa = XCConfigurationList;
			buildConfigurations = (
				A670257E170E0C0A00840867 /* Debug */,
				A670257F170E0C0A00840867 /* Release */,
			);
			defaultConfigurationIsVisible = 0;
			defaultConfigurationName = Release;
		};
		A6702580170E0C0A00840867 /* Build configuration list for PBXNativeTarget "Catalog" */ = {
			isa = XCConfigurationList;
			buildConfigurations = (
				A6702581170E0C0A00840867 /* Debug */,
				A6702582170E0C0A00840867 /* Release */,
			);
			defaultConfigurationIsVisible = 0;
			defaultConfigurationName = Release;
		};
/* End XCConfigurationList section */
	};
	rootObject = A6702555170E0C0A00840867 /* Project object */;
}
